
Microsoft Visual Studio Solution File, Format Version 12.00
# Visual Studio 15
VisualStudioVersion = 15.0.27428.2015
MinimumVisualStudioVersion = 10.0.40219.1
Project("{FAE04EC0-301F-11D3-BF4B-00C04F79EFBC}") = "Lab22.5", "Lab22.5\Lab22.5.csproj", "{FDC8B733-AFFA-4E67-8C29-AF67E064ABE4}"
EndProject
Global
	GlobalSection(SolutionConfigurationPlatforms) = preSolution
		Debug|Any CPU = Debug|Any CPU
		Release|Any CPU = Release|Any CPU
	EndGlobalSection
	GlobalSection(ProjectConfigurationPlatforms) = postSolution
		{FDC8B733-AFFA-4E67-8C29-AF67E064ABE4}.Debug|Any CPU.ActiveCfg = Debug|Any CPU
		{FDC8B733-AFFA-4E67-8C29-AF67E064ABE4}.Debug|Any CPU.Build.0 = Debug|Any CPU
		{FDC8B733-AFFA-4E67-8C29-AF67E064ABE4}.Release|Any CPU.ActiveCfg = Release|Any CPU
		{FDC8B733-AFFA-4E67-8C29-AF67E064ABE4}.Release|Any CPU.Build.0 = Release|Any CPU
	EndGlobalSection
	GlobalSection(SolutionProperties) = preSolution
		HideSolutionNode = FALSE
	EndGlobalSection
	GlobalSection(ExtensibilityGlobals) = postSolution
		SolutionGuid = {EF404CC8-90AF-445F-A85B-7DEB61CDE39F}
	EndGlobalSection
EndGlobal
